
Microsoft Visual Studio Solution File, Format Version 12.00
# Visual Studio Version 16
VisualStudioVersion = 16.0.30413.136
MinimumVisualStudioVersion = 10.0.40219.1
Project("{FAE04EC0-301F-11D3-BF4B-00C04F79EFBC}") = "Web API Service CQRS", "Web API Service CQRS\Web API Service CQRS.csproj", "{7E463546-3AE7-478D-9D8C-E0EC3295B028}"
EndProject
Global
	GlobalSection(SolutionConfigurationPlatforms) = preSolution
		Debug|Any CPU = Debug|Any CPU
		Release|Any CPU = Release|Any CPU
	EndGlobalSection
	GlobalSection(ProjectConfigurationPlatforms) = postSolution
		{7E463546-3AE7-478D-9D8C-E0EC3295B028}.Debug|Any CPU.ActiveCfg = Debug|Any CPU
		{7E463546-3AE7-478D-9D8C-E0EC3295B028}.Debug|Any CPU.Build.0 = Debug|Any CPU
		{7E463546-3AE7-478D-9D8C-E0EC3295B028}.Release|Any CPU.ActiveCfg = Release|Any CPU
		{7E463546-3AE7-478D-9D8C-E0EC3295B028}.Release|Any CPU.Build.0 = Release|Any CPU
	EndGlobalSection
	GlobalSection(SolutionProperties) = preSolution
		HideSolutionNode = FALSE
	EndGlobalSection
	GlobalSection(ExtensibilityGlobals) = postSolution
		SolutionGuid = {284956D0-00BB-41B0-8726-A470D395A292}
	EndGlobalSection
EndGlobal
